// !$*UTF8*$!
{
	archiveVersion = 1;
	classes = {
	};
	objectVersion = 46;
	objects = {

/* Begin PBXBuildFile section */
		91A622C81A15169500C2FF67 /* main.m in Sources */ = {isa = PBXBuildFile; fileRef = 91A622C71A15169500C2FF67 /* main.m */; };
		91A622CB1A15169500C2FF67 /* AppDelegate.m in Sources */ = {isa = PBXBuildFile; fileRef = 91A622CA1A15169500C2FF67 /* AppDelegate.m */; };
		91A622D11A15169500C2FF67 /* Main.storyboard in Resources */ = {isa = PBXBuildFile; fileRef = 91A622CF1A15169500C2FF67 /* Main.storyboard */; };
		91A622D31A15169500C2FF67 /* Images.xcassets in Resources */ = {isa = PBXBuildFile; fileRef = 91A622D21A15169500C2FF67 /* Images.xcassets */; };
		91A622D61A15169500C2FF67 /* LaunchScreen.xib in Resources */ = {isa = PBXBuildFile; fileRef = 91A622D41A15169500C2FF67 /* LaunchScreen.xib */; };
		91A622E21A15169500C2FF67 /* Out_of_this_worldTests.m in Sources */ = {isa = PBXBuildFile; fileRef = 91A622E11A15169500C2FF67 /* Out_of_this_worldTests.m */; };
		91A622ED1A15178F00C2FF67 /* TableViewController.m in Sources */ = {isa = PBXBuildFile; fileRef = 91A622EC1A15178F00C2FF67 /* TableViewController.m */; };
/* End PBXBuildFile section */

/* Begin PBXContainerItemProxy section */
		91A622DC1A15169500C2FF67 /* PBXContainerItemProxy */ = {
			isa = PBXContainerItemProxy;
			containerPortal = 91A622BA1A15169500C2FF67 /* Project object */;
			proxyType = 1;
			remoteGlobalIDString = 91A622C11A15169500C2FF67;
			remoteInfo = "Out of this world";
		};
/* End PBXContainerItemProxy section */

/* Begin PBXFileReference section */
		91A622C21A15169500C2FF67 /* Out of this world.app */ = {isa = PBXFileReference; explicitFileType = wrapper.application; includeInIndex = 0; path = "Out of this world.app"; sourceTree = BUILT_PRODUCTS_DIR; };
		91A622C61A15169500C2FF67 /* Info.plist */ = {isa = PBXFileReference; lastKnownFileType = text.plist.xml; path = Info.plist; sourceTree = "<group>"; };
		91A622C71A15169500C2FF67 /* main.m */ = {isa = PBXFileReference; lastKnownFileType = sourcecode.c.objc; path = main.m; sourceTree = "<group>"; };
		91A622C91A15169500C2FF67 /* AppDelegate.h */ = {isa = PBXFileReference; lastKnownFileType = sourcecode.c.h; path = AppDelegate.h; sourceTree = "<group>"; };
		91A622CA1A15169500C2FF67 /* AppDelegate.m */ = {isa = PBXFileReference; lastKnownFileType = sourcecode.c.objc; path = AppDelegate.m; sourceTree = "<group>"; };
		91A622D01A15169500C2FF67 /* Base */ = {isa = PBXFileReference; lastKnownFileType = file.storyboard; name = Base; path = Base.lproj/Main.storyboard; sourceTree = "<group>"; };
		91A622D21A15169500C2FF67 /* Images.xcassets */ = {isa = PBXFileReference; lastKnownFileType = folder.assetcatalog; path = Images.xcassets; sourceTree = "<group>"; };
		91A622D51A15169500C2FF67 /* Base */ = {isa = PBXFileReference; lastKnownFileType = file.xib; name = Base; path = Base.lproj/LaunchScreen.xib; sourceTree = "<group>"; };
		91A622DB1A15169500C2FF67 /* Out of this worldTests.xctest */ = {isa = PBXFileReference; explicitFileType = wrapper.cfbundle; includeInIndex = 0; path = "Out of this worldTests.xctest"; sourceTree = BUILT_PRODUCTS_DIR; };
		91A622E01A15169500C2FF67 /* Info.plist */ = {isa = PBXFileReference; lastKnownFileType = text.plist.xml; path = Info.plist; sourceTree = "<group>"; };
		91A622E11A15169500C2FF67 /* Out_of_this_worldTests.m */ = {isa = PBXFileReference; lastKnownFileType = sourcecode.c.objc; path = Out_of_this_worldTests.m; sourceTree = "<group>"; };
		91A622EB1A15178F00C2FF67 /* TableViewController.h */ = {isa = PBXFileReference; fileEncoding = 4; lastKnownFileType = sourcecode.c.h; name = TableViewController.h; path = ../TableViewController.h; sourceTree = "<group>"; };
		91A622EC1A15178F00C2FF67 /* TableViewController.m */ = {isa = PBXFileReference; fileEncoding = 4; lastKnownFileType = sourcecode.c.objc; name = TableViewController.m; path = ../TableViewController.m; sourceTree = "<group>"; };
/* End PBXFileReference section */

/* Begin PBXFrameworksBuildPhase section */
		91A622BF1A15169500C2FF67 /* Frameworks */ = {
			isa = PBXFrameworksBuildPhase;
			buildActionMask = 2147483647;
			files = (
			);
			runOnlyForDeploymentPostprocessing = 0;
		};
		91A622D81A15169500C2FF67 /* Frameworks */ = {
			isa = PBXFrameworksBuildPhase;
			buildActionMask = 2147483647;
			files = (
			);
			runOnlyForDeploymentPostprocessing = 0;
		};
/* End PBXFrameworksBuildPhase section */

/* Begin PBXGroup section */
		91A622B91A15169500C2FF67 = {
			isa = PBXGroup;
			children = (
				91A622C41A15169500C2FF67 /* Out of this world */,
				91A622DE1A15169500C2FF67 /* Out of this worldTests */,
				91A622C31A15169500C2FF67 /* Products */,
			);
			sourceTree = "<group>";
		};
		91A622C31A15169500C2FF67 /* Products */ = {
			isa = PBXGroup;
			children = (
				91A622C21A15169500C2FF67 /* Out of this world.app */,
				91A622DB1A15169500C2FF67 /* Out of this worldTests.xctest */,
			);
			name = Products;
			sourceTree = "<group>";
		};
		91A622C41A15169500C2FF67 /* Out of this world */ = {
			isa = PBXGroup;
			children = (
				91A622C91A15169500C2FF67 /* AppDelegate.h */,
				91A622CA1A15169500C2FF67 /* AppDelegate.m */,
				91A622EB1A15178F00C2FF67 /* TableViewController.h */,
				91A622EC1A15178F00C2FF67 /* TableViewController.m */,
				91A622CF1A15169500C2FF67 /* Main.storyboard */,
				91A622D21A15169500C2FF67 /* Images.xcassets */,
				91A622D41A15169500C2FF67 /* LaunchScreen.xib */,
				91A622C51A15169500C2FF67 /* Supporting Files */,
			);
			path = "Out of this world";
			sourceTree = "<group>";
		};
		91A622C51A15169500C2FF67 /* Supporting Files */ = {
			isa = PBXGroup;
			children = (
				91A622C61A15169500C2FF67 /* Info.plist */,
				91A622C71A15169500C2FF67 /* main.m */,
			);
			name = "Supporting Files";
			sourceTree = "<group>";
		};
		91A622DE1A15169500C2FF67 /* Out of this worldTests */ = {
			isa = PBXGroup;
			children = (
				91A622E11A15169500C2FF67 /* Out_of_this_worldTests.m */,
				91A622DF1A15169500C2FF67 /* Supporting Files */,
			);
			path = "Out of this worldTests";
			sourceTree = "<group>";
		};
		91A622DF1A15169500C2FF67 /* Supporting Files */ = {
			isa = PBXGroup;
			children = (
				91A622E01A15169500C2FF67 /* Info.plist */,
			);
			name = "Supporting Files";
			sourceTree = "<group>";
		};
/* End PBXGroup section */

/* Begin PBXNativeTarget section */
		91A622C11A15169500C2FF67 /* Out of this world */ = {
			isa = PBXNativeTarget;
			buildConfigurationList = 91A622E51A15169500C2FF67 /* Build configuration list for PBXNativeTarget "Out of this world" */;
			buildPhases = (
				91A622BE1A15169500C2FF67 /* Sources */,
				91A622BF1A15169500C2FF67 /* Frameworks */,
				91A622C01A15169500C2FF67 /* Resources */,
			);
			buildRules = (
			);
			dependencies = (
			);
			name = "Out of this world";
			productName = "Out of this world";
			productReference = 91A622C21A15169500C2FF67 /* Out of this world.app */;
			productType = "com.apple.product-type.application";
		};
		91A622DA1A15169500C2FF67 /* Out of this worldTests */ = {
			isa = PBXNativeTarget;
			buildConfigurationList = 91A622E81A15169500C2FF67 /* Build configuration list for PBXNativeTarget "Out of this worldTests" */;
			buildPhases = (
				91A622D71A15169500C2FF67 /* Sources */,
				91A622D81A15169500C2FF67 /* Frameworks */,
				91A622D91A15169500C2FF67 /* Resources */,
			);
			buildRules = (
			);
			dependencies = (
				91A622DD1A15169500C2FF67 /* PBXTargetDependency */,
			);
			name = "Out of this worldTests";
			productName = "Out of this worldTests";
			productReference = 91A622DB1A15169500C2FF67 /* Out of this worldTests.xctest */;
			productType = "com.apple.product-type.bundle.unit-test";
		};
/* End PBXNativeTarget section */

/* Begin PBXProject section */
		91A622BA1A15169500C2FF67 /* Project object */ = {
			isa = PBXProject;
			attributes = {
				LastUpgradeCheck = 0610;
				ORGANIZATIONNAME = "Dinf AEB";
				TargetAttributes = {
					91A622C11A15169500C2FF67 = {
						CreatedOnToolsVersion = 6.1;
					};
					91A622DA1A15169500C2FF67 = {
						CreatedOnToolsVersion = 6.1;
						TestTargetID = 91A622C11A15169500C2FF67;
					};
				};
			};
			buildConfigurationList = 91A622BD1A15169500C2FF67 /* Build configuration list for PBXProject "Out of this world" */;
			compatibilityVersion = "Xcode 3.2";
			developmentRegion = English;
			hasScannedForEncodings = 0;
			knownRegions = (
				en,
				Base,
			);
			mainGroup = 91A622B91A15169500C2FF67;
			productRefGroup = 91A622C31A15169500C2FF67 /* Products */;
			projectDirPath = "";
			projectRoot = "";
			targets = (
				91A622C11A15169500C2FF67 /* Out of this world */,
				91A622DA1A15169500C2FF67 /* Out of this worldTests */,
			);
		};
/* End PBXProject section */

/* Begin PBXResourcesBuildPhase section */
		91A622C01A15169500C2FF67 /* Resources */ = {
			isa = PBXResourcesBuildPhase;
			buildActionMask = 2147483647;
			files = (
				91A622D11A15169500C2FF67 /* Main.storyboard in Resources */,
				91A622D61A15169500C2FF67 /* LaunchScreen.xib in Resources */,
				91A622D31A15169500C2FF67 /* Images.xcassets in Resources */,
			);
			runOnlyForDeploymentPostprocessing = 0;
		};
		91A622D91A15169500C2FF67 /* Resources */ = {
			isa = PBXResourcesBuildPhase;
			buildActionMask = 2147483647;
			files = (
			);
			runOnlyForDeploymentPostprocessing = 0;
		};
/* End PBXResourcesBuildPhase section */

/* Begin PBXSourcesBuildPhase section */
		91A622BE1A15169500C2FF67 /* Sources */ = {
			isa = PBXSourcesBuildPhase;
			buildActionMask = 2147483647;
			files = (
				91A622CB1A15169500C2FF67 /* AppDelegate.m in Sources */,
				91A622ED1A15178F00C2FF67 /* TableViewController.m in Sources */,
				91A622C81A15169500C2FF67 /* main.m in Sources */,
			);
			runOnlyForDeploymentPostprocessing = 0;
		};
		91A622D71A15169500C2FF67 /* Sources */ = {
			isa = PBXSourcesBuildPhase;
			buildActionMask = 2147483647;
			files = (
				91A622E21A15169500C2FF67 /* Out_of_this_worldTests.m in Sources */,
			);
			runOnlyForDeploymentPostprocessing = 0;
		};
/* End PBXSourcesBuildPhase section */

/* Begin PBXTargetDependency section */
		91A622DD1A15169500C2FF67 /* PBXTargetDependency */ = {
			isa = PBXTargetDependency;
			target = 91A622C11A15169500C2FF67 /* Out of this world */;
			targetProxy = 91A622DC1A15169500C2FF67 /* PBXContainerItemProxy */;
		};
/* End PBXTargetDependency section */

/* Begin PBXVariantGroup section */
		91A622CF1A15169500C2FF67 /* Main.storyboard */ = {
			isa = PBXVariantGroup;
			children = (
				91A622D01A15169500C2FF67 /* Base */,
			);
			name = Main.storyboard;
			sourceTree = "<group>";
		};
		91A622D41A15169500C2FF67 /* LaunchScreen.xib */ = {
			isa = PBXVariantGroup;
			children = (
				91A622D51A15169500C2FF67 /* Base */,
			);
			name = LaunchScreen.xib;
			sourceTree = "<group>";
		};
/* End PBXVariantGroup section */

/* Begin XCBuildConfiguration section */
		91A622E31A15169500C2FF67 /* Debug */ = {
			isa = XCBuildConfiguration;
			buildSettings = {
				ALWAYS_SEARCH_USER_PATHS = NO;
				CLANG_CXX_LANGUAGE_STANDARD = "gnu++0x";
				CLANG_CXX_LIBRARY = "libc++";
				CLANG_ENABLE_MODULES = YES;
				CLANG_ENABLE_OBJC_ARC = YES;
				CLANG_WARN_BOOL_CONVERSION = YES;
				CLANG_WARN_CONSTANT_CONVERSION = YES;
				CLANG_WARN_DIRECT_OBJC_ISA_USAGE = YES_ERROR;
				CLANG_WARN_EMPTY_BODY = YES;
				CLANG_WARN_ENUM_CONVERSION = YES;
				CLANG_WARN_INT_CONVERSION = YES;
				CLANG_WARN_OBJC_ROOT_CLASS = YES_ERROR;
				CLANG_WARN_UNREACHABLE_CODE = YES;
				CLANG_WARN__DUPLICATE_METHOD_MATCH = YES;
				"CODE_SIGN_IDENTITY[sdk=iphoneos*]" = "iPhone Developer";
				COPY_PHASE_STRIP = NO;
				ENABLE_STRICT_OBJC_MSGSEND = YES;
				GCC_C_LANGUAGE_STANDARD = gnu99;
				GCC_DYNAMIC_NO_PIC = NO;
				GCC_OPTIMIZATION_LEVEL = 0;
				GCC_PREPROCESSOR_DEFINITIONS = (
					"DEBUG=1",
					"$(inherited)",
				);
				GCC_SYMBOLS_PRIVATE_EXTERN = NO;
				GCC_WARN_64_TO_32_BIT_CONVERSION = YES;
				GCC_WARN_ABOUT_RETURN_TYPE = YES_ERROR;
				GCC_WARN_UNDECLARED_SELECTOR = YES;
				GCC_WARN_UNINITIALIZED_AUTOS = YES_AGGRESSIVE;
				GCC_WARN_UNUSED_FUNCTION = YES;
				GCC_WARN_UNUSED_VARIABLE = YES;
				IPHONEOS_DEPLOYMENT_TARGET = 8.1;
				MTL_ENABLE_DEBUG_INFO = YES;
				ONLY_ACTIVE_ARCH = YES;
				SDKROOT = iphoneos;
			};
			name = Debug;
		};
		91A622E41A15169500C2FF67 /* Release */ = {
			isa = XCBuildConfiguration;
			buildSettings = {
				ALWAYS_SEARCH_USER_PATHS = NO;
				CLANG_CXX_LANGUAGE_STANDARD = "gnu++0x";
				CLANG_CXX_LIBRARY = "libc++";
				CLANG_ENABLE_MODULES = YES;
				CLANG_ENABLE_OBJC_ARC = YES;
				CLANG_WARN_BOOL_CONVERSION = YES;
				CLANG_WARN_CONSTANT_CONVERSION = YES;
				CLANG_WARN_DIRECT_OBJC_ISA_USAGE = YES_ERROR;
				CLANG_WARN_EMPTY_BODY = YES;
				CLANG_WARN_ENUM_CONVERSION = YES;
				CLANG_WARN_INT_CONVERSION = YES;
				CLANG_WARN_OBJC_ROOT_CLASS = YES_ERROR;
				CLANG_WARN_UNREACHABLE_CODE = YES;
				CLANG_WARN__DUPLICATE_METHOD_MATCH = YES;
				"CODE_SIGN_IDENTITY[sdk=iphoneos*]" = "iPhone Developer";
				COPY_PHASE_STRIP = YES;
				ENABLE_NS_ASSERTIONS = NO;
				ENABLE_STRICT_OBJC_MSGSEND = YES;
				GCC_C_LANGUAGE_STANDARD = gnu99;
				GCC_WARN_64_TO_32_BIT_CONVERSION = YES;
				GCC_WARN_ABOUT_RETURN_TYPE = YES_ERROR;
				GCC_WARN_UNDECLARED_SELECTOR = YES;
				GCC_WARN_UNINITIALIZED_AUTOS = YES_AGGRESSIVE;
				GCC_WARN_UNUSED_FUNCTION = YES;
				GCC_WARN_UNUSED_VARIABLE = YES;
				IPHONEOS_DEPLOYMENT_TARGET = 8.1;
				MTL_ENABLE_DEBUG_INFO = NO;
				SDKROOT = iphoneos;
				VALIDATE_PRODUCT = YES;
			};
			name = Release;
		};
		91A622E61A15169500C2FF67 /* Debug */ = {
			isa = XCBuildConfiguration;
			buildSettings = {
				ASSETCATALOG_COMPILER_APPICON_NAME = AppIcon;
				INFOPLIST_FILE = "Out of this world/Info.plist";
				LD_RUNPATH_SEARCH_PATHS = "$(inherited) @executable_path/Frameworks";
				PRODUCT_NAME = "$(TARGET_NAME)";
			};
			name = Debug;
		};
		91A622E71A15169500C2FF67 /* Release */ = {
			isa = XCBuildConfiguration;
			buildSettings = {
				ASSETCATALOG_COMPILER_APPICON_NAME = AppIcon;
				INFOPLIST_FILE = "Out of this world/Info.plist";
				LD_RUNPATH_SEARCH_PATHS = "$(inherited) @executable_path/Frameworks";
				PRODUCT_NAME = "$(TARGET_NAME)";
			};
			name = Release;
		};
		91A622E91A15169500C2FF67 /* Debug */ = {
			isa = XCBuildConfiguration;
			buildSettings = {
				BUNDLE_LOADER = "$(TEST_HOST)";
				FRAMEWORK_SEARCH_PATHS = (
					"$(SDKROOT)/Developer/Library/Frameworks",
					"$(inherited)",
				);
				GCC_PREPROCESSOR_DEFINITIONS = (
					"DEBUG=1",
					"$(inherited)",
				);
				INFOPLIST_FILE = "Out of this worldTests/Info.plist";
				LD_RUNPATH_SEARCH_PATHS = "$(inherited) @executable_path/Frameworks @loader_path/Frameworks";
				PRODUCT_NAME = "$(TARGET_NAME)";
				TEST_HOST = "$(BUILT_PRODUCTS_DIR)/Out of this world.app/Out of this world";
			};
			name = Debug;
		};
		91A622EA1A15169500C2FF67 /* Release */ = {
			isa = XCBuildConfiguration;
			buildSettings = {
				BUNDLE_LOADER = "$(TEST_HOST)";
				FRAMEWORK_SEARCH_PATHS = (
					"$(SDKROOT)/Developer/Library/Frameworks",
					"$(inherited)",
				);
				INFOPLIST_FILE = "Out of this worldTests/Info.plist";
				LD_RUNPATH_SEARCH_PATHS = "$(inherited) @executable_path/Frameworks @loader_path/Frameworks";
				PRODUCT_NAME = "$(TARGET_NAME)";
				TEST_HOST = "$(BUILT_PRODUCTS_DIR)/Out of this world.app/Out of this world";
			};
			name = Release;
		};
/* End XCBuildConfiguration section */

/* Begin XCConfigurationList section */
		91A622BD1A15169500C2FF67 /* Build configuration list for PBXProject "Out of this world" */ = {
			isa = XCConfigurationList;
			buildConfigurations = (
				91A622E31A15169500C2FF67 /* Debug */,
				91A622E41A15169500C2FF67 /* Release */,
			);
			defaultConfigurationIsVisible = 0;
			defaultConfigurationName = Release;
		};
		91A622E51A15169500C2FF67 /* Build configuration list for PBXNativeTarget "Out of this world" */ = {
			isa = XCConfigurationList;
			buildConfigurations = (
				91A622E61A15169500C2FF67 /* Debug */,
				91A622E71A15169500C2FF67 /* Release */,
			);
			defaultConfigurationIsVisible = 0;
		};
		91A622E81A15169500C2FF67 /* Build configuration list for PBXNativeTarget "Out of this worldTests" */ = {
			isa = XCConfigurationList;
			buildConfigurations = (
				91A622E91A15169500C2FF67 /* Debug */,
				91A622EA1A15169500C2FF67 /* Release */,
			);
			defaultConfigurationIsVisible = 0;
		};
/* End XCConfigurationList section */
	};
	rootObject = 91A622BA1A15169500C2FF67 /* Project object */;
}
