// !$*UTF8*$!
{
	archiveVersion = 1;
	classes = {
	};
	objectVersion = 46;
	objects = {

/* Begin PBXBuildFile section */
		912BF6B719C3292D00CB4327 /* Foundation.framework in Frameworks */ = {isa = PBXBuildFile; fileRef = 912BF6B619C3292D00CB4327 /* Foundation.framework */; };
		912BF6B919C3292D00CB4327 /* CoreGraphics.framework in Frameworks */ = {isa = PBXBuildFile; fileRef = 912BF6B819C3292D00CB4327 /* CoreGraphics.framework */; };
		912BF6BB19C3292D00CB4327 /* UIKit.framework in Frameworks */ = {isa = PBXBuildFile; fileRef = 912BF6BA19C3292D00CB4327 /* UIKit.framework */; };
		912BF6C119C3292D00CB4327 /* InfoPlist.strings in Resources */ = {isa = PBXBuildFile; fileRef = 912BF6BF19C3292D00CB4327 /* InfoPlist.strings */; };
		912BF6C319C3292D00CB4327 /* main.m in Sources */ = {isa = PBXBuildFile; fileRef = 912BF6C219C3292D00CB4327 /* main.m */; };
		912BF6C719C3292D00CB4327 /* LRAppDelegate.m in Sources */ = {isa = PBXBuildFile; fileRef = 912BF6C619C3292D00CB4327 /* LRAppDelegate.m */; };
		912BF6CA19C3292D00CB4327 /* Main.storyboard in Resources */ = {isa = PBXBuildFile; fileRef = 912BF6C819C3292D00CB4327 /* Main.storyboard */; };
		912BF6CD19C3292D00CB4327 /* LRViewController.m in Sources */ = {isa = PBXBuildFile; fileRef = 912BF6CC19C3292D00CB4327 /* LRViewController.m */; };
		912BF6CF19C3292D00CB4327 /* Images.xcassets in Resources */ = {isa = PBXBuildFile; fileRef = 912BF6CE19C3292D00CB4327 /* Images.xcassets */; };
		912BF6D619C3292D00CB4327 /* XCTest.framework in Frameworks */ = {isa = PBXBuildFile; fileRef = 912BF6D519C3292D00CB4327 /* XCTest.framework */; };
		912BF6D719C3292D00CB4327 /* Foundation.framework in Frameworks */ = {isa = PBXBuildFile; fileRef = 912BF6B619C3292D00CB4327 /* Foundation.framework */; };
		912BF6D819C3292D00CB4327 /* UIKit.framework in Frameworks */ = {isa = PBXBuildFile; fileRef = 912BF6BA19C3292D00CB4327 /* UIKit.framework */; };
		912BF6E019C3292D00CB4327 /* InfoPlist.strings in Resources */ = {isa = PBXBuildFile; fileRef = 912BF6DE19C3292D00CB4327 /* InfoPlist.strings */; };
		912BF6E219C3292D00CB4327 /* Class_Testing_GroundTests.m in Sources */ = {isa = PBXBuildFile; fileRef = 912BF6E119C3292D00CB4327 /* Class_Testing_GroundTests.m */; };
/* End PBXBuildFile section */

/* Begin PBXContainerItemProxy section */
		912BF6D919C3292D00CB4327 /* PBXContainerItemProxy */ = {
			isa = PBXContainerItemProxy;
			containerPortal = 912BF6AB19C3292D00CB4327 /* Project object */;
			proxyType = 1;
			remoteGlobalIDString = 912BF6B219C3292D00CB4327;
			remoteInfo = "Class Testing Ground";
		};
/* End PBXContainerItemProxy section */

/* Begin PBXFileReference section */
		912BF6B319C3292D00CB4327 /* Class Testing Ground.app */ = {isa = PBXFileReference; explicitFileType = wrapper.application; includeInIndex = 0; path = "Class Testing Ground.app"; sourceTree = BUILT_PRODUCTS_DIR; };
		912BF6B619C3292D00CB4327 /* Foundation.framework */ = {isa = PBXFileReference; lastKnownFileType = wrapper.framework; name = Foundation.framework; path = System/Library/Frameworks/Foundation.framework; sourceTree = SDKROOT; };
		912BF6B819C3292D00CB4327 /* CoreGraphics.framework */ = {isa = PBXFileReference; lastKnownFileType = wrapper.framework; name = CoreGraphics.framework; path = System/Library/Frameworks/CoreGraphics.framework; sourceTree = SDKROOT; };
		912BF6BA19C3292D00CB4327 /* UIKit.framework */ = {isa = PBXFileReference; lastKnownFileType = wrapper.framework; name = UIKit.framework; path = System/Library/Frameworks/UIKit.framework; sourceTree = SDKROOT; };
		912BF6BE19C3292D00CB4327 /* Class Testing Ground-Info.plist */ = {isa = PBXFileReference; lastKnownFileType = text.plist.xml; path = "Class Testing Ground-Info.plist"; sourceTree = "<group>"; };
		912BF6C019C3292D00CB4327 /* en */ = {isa = PBXFileReference; lastKnownFileType = text.plist.strings; name = en; path = en.lproj/InfoPlist.strings; sourceTree = "<group>"; };
		912BF6C219C3292D00CB4327 /* main.m */ = {isa = PBXFileReference; lastKnownFileType = sourcecode.c.objc; path = main.m; sourceTree = "<group>"; };
		912BF6C419C3292D00CB4327 /* Class Testing Ground-Prefix.pch */ = {isa = PBXFileReference; lastKnownFileType = sourcecode.c.h; path = "Class Testing Ground-Prefix.pch"; sourceTree = "<group>"; };
		912BF6C519C3292D00CB4327 /* LRAppDelegate.h */ = {isa = PBXFileReference; lastKnownFileType = sourcecode.c.h; path = LRAppDelegate.h; sourceTree = "<group>"; };
		912BF6C619C3292D00CB4327 /* LRAppDelegate.m */ = {isa = PBXFileReference; lastKnownFileType = sourcecode.c.objc; path = LRAppDelegate.m; sourceTree = "<group>"; };
		912BF6C919C3292D00CB4327 /* Base */ = {isa = PBXFileReference; lastKnownFileType = file.storyboard; name = Base; path = Base.lproj/Main.storyboard; sourceTree = "<group>"; };
		912BF6CB19C3292D00CB4327 /* LRViewController.h */ = {isa = PBXFileReference; lastKnownFileType = sourcecode.c.h; path = LRViewController.h; sourceTree = "<group>"; };
		912BF6CC19C3292D00CB4327 /* LRViewController.m */ = {isa = PBXFileReference; lastKnownFileType = sourcecode.c.objc; path = LRViewController.m; sourceTree = "<group>"; };
		912BF6CE19C3292D00CB4327 /* Images.xcassets */ = {isa = PBXFileReference; lastKnownFileType = folder.assetcatalog; path = Images.xcassets; sourceTree = "<group>"; };
		912BF6D419C3292D00CB4327 /* Class Testing GroundTests.xctest */ = {isa = PBXFileReference; explicitFileType = wrapper.cfbundle; includeInIndex = 0; path = "Class Testing GroundTests.xctest"; sourceTree = BUILT_PRODUCTS_DIR; };
		912BF6D519C3292D00CB4327 /* XCTest.framework */ = {isa = PBXFileReference; lastKnownFileType = wrapper.framework; name = XCTest.framework; path = Library/Frameworks/XCTest.framework; sourceTree = DEVELOPER_DIR; };
		912BF6DD19C3292D00CB4327 /* Class Testing GroundTests-Info.plist */ = {isa = PBXFileReference; lastKnownFileType = text.plist.xml; path = "Class Testing GroundTests-Info.plist"; sourceTree = "<group>"; };
		912BF6DF19C3292D00CB4327 /* en */ = {isa = PBXFileReference; lastKnownFileType = text.plist.strings; name = en; path = en.lproj/InfoPlist.strings; sourceTree = "<group>"; };
		912BF6E119C3292D00CB4327 /* Class_Testing_GroundTests.m */ = {isa = PBXFileReference; lastKnownFileType = sourcecode.c.objc; path = Class_Testing_GroundTests.m; sourceTree = "<group>"; };
/* End PBXFileReference section */

/* Begin PBXFrameworksBuildPhase section */
		912BF6B019C3292D00CB4327 /* Frameworks */ = {
			isa = PBXFrameworksBuildPhase;
			buildActionMask = 2147483647;
			files = (
				912BF6B919C3292D00CB4327 /* CoreGraphics.framework in Frameworks */,
				912BF6BB19C3292D00CB4327 /* UIKit.framework in Frameworks */,
				912BF6B719C3292D00CB4327 /* Foundation.framework in Frameworks */,
			);
			runOnlyForDeploymentPostprocessing = 0;
		};
		912BF6D119C3292D00CB4327 /* Frameworks */ = {
			isa = PBXFrameworksBuildPhase;
			buildActionMask = 2147483647;
			files = (
				912BF6D619C3292D00CB4327 /* XCTest.framework in Frameworks */,
				912BF6D819C3292D00CB4327 /* UIKit.framework in Frameworks */,
				912BF6D719C3292D00CB4327 /* Foundation.framework in Frameworks */,
			);
			runOnlyForDeploymentPostprocessing = 0;
		};
/* End PBXFrameworksBuildPhase section */

/* Begin PBXGroup section */
		912BF6AA19C3292D00CB4327 = {
			isa = PBXGroup;
			children = (
				912BF6BC19C3292D00CB4327 /* Class Testing Ground */,
				912BF6DB19C3292D00CB4327 /* Class Testing GroundTests */,
				912BF6B519C3292D00CB4327 /* Frameworks */,
				912BF6B419C3292D00CB4327 /* Products */,
			);
			sourceTree = "<group>";
		};
		912BF6B419C3292D00CB4327 /* Products */ = {
			isa = PBXGroup;
			children = (
				912BF6B319C3292D00CB4327 /* Class Testing Ground.app */,
				912BF6D419C3292D00CB4327 /* Class Testing GroundTests.xctest */,
			);
			name = Products;
			sourceTree = "<group>";
		};
		912BF6B519C3292D00CB4327 /* Frameworks */ = {
			isa = PBXGroup;
			children = (
				912BF6B619C3292D00CB4327 /* Foundation.framework */,
				912BF6B819C3292D00CB4327 /* CoreGraphics.framework */,
				912BF6BA19C3292D00CB4327 /* UIKit.framework */,
				912BF6D519C3292D00CB4327 /* XCTest.framework */,
			);
			name = Frameworks;
			sourceTree = "<group>";
		};
		912BF6BC19C3292D00CB4327 /* Class Testing Ground */ = {
			isa = PBXGroup;
			children = (
				912BF6C519C3292D00CB4327 /* LRAppDelegate.h */,
				912BF6C619C3292D00CB4327 /* LRAppDelegate.m */,
				912BF6C819C3292D00CB4327 /* Main.storyboard */,
				912BF6CB19C3292D00CB4327 /* LRViewController.h */,
				912BF6CC19C3292D00CB4327 /* LRViewController.m */,
				912BF6CE19C3292D00CB4327 /* Images.xcassets */,
				912BF6BD19C3292D00CB4327 /* Supporting Files */,
			);
			path = "Class Testing Ground";
			sourceTree = "<group>";
		};
		912BF6BD19C3292D00CB4327 /* Supporting Files */ = {
			isa = PBXGroup;
			children = (
				912BF6BE19C3292D00CB4327 /* Class Testing Ground-Info.plist */,
				912BF6BF19C3292D00CB4327 /* InfoPlist.strings */,
				912BF6C219C3292D00CB4327 /* main.m */,
				912BF6C419C3292D00CB4327 /* Class Testing Ground-Prefix.pch */,
			);
			name = "Supporting Files";
			sourceTree = "<group>";
		};
		912BF6DB19C3292D00CB4327 /* Class Testing GroundTests */ = {
			isa = PBXGroup;
			children = (
				912BF6E119C3292D00CB4327 /* Class_Testing_GroundTests.m */,
				912BF6DC19C3292D00CB4327 /* Supporting Files */,
			);
			path = "Class Testing GroundTests";
			sourceTree = "<group>";
		};
		912BF6DC19C3292D00CB4327 /* Supporting Files */ = {
			isa = PBXGroup;
			children = (
				912BF6DD19C3292D00CB4327 /* Class Testing GroundTests-Info.plist */,
				912BF6DE19C3292D00CB4327 /* InfoPlist.strings */,
			);
			name = "Supporting Files";
			sourceTree = "<group>";
		};
/* End PBXGroup section */

/* Begin PBXNativeTarget section */
		912BF6B219C3292D00CB4327 /* Class Testing Ground */ = {
			isa = PBXNativeTarget;
			buildConfigurationList = 912BF6E519C3292D00CB4327 /* Build configuration list for PBXNativeTarget "Class Testing Ground" */;
			buildPhases = (
				912BF6AF19C3292D00CB4327 /* Sources */,
				912BF6B019C3292D00CB4327 /* Frameworks */,
				912BF6B119C3292D00CB4327 /* Resources */,
			);
			buildRules = (
			);
			dependencies = (
			);
			name = "Class Testing Ground";
			productName = "Class Testing Ground";
			productReference = 912BF6B319C3292D00CB4327 /* Class Testing Ground.app */;
			productType = "com.apple.product-type.application";
		};
		912BF6D319C3292D00CB4327 /* Class Testing GroundTests */ = {
			isa = PBXNativeTarget;
			buildConfigurationList = 912BF6E819C3292D00CB4327 /* Build configuration list for PBXNativeTarget "Class Testing GroundTests" */;
			buildPhases = (
				912BF6D019C3292D00CB4327 /* Sources */,
				912BF6D119C3292D00CB4327 /* Frameworks */,
				912BF6D219C3292D00CB4327 /* Resources */,
			);
			buildRules = (
			);
			dependencies = (
				912BF6DA19C3292D00CB4327 /* PBXTargetDependency */,
			);
			name = "Class Testing GroundTests";
			productName = "Class Testing GroundTests";
			productReference = 912BF6D419C3292D00CB4327 /* Class Testing GroundTests.xctest */;
			productType = "com.apple.product-type.bundle.unit-test";
		};
/* End PBXNativeTarget section */

/* Begin PBXProject section */
		912BF6AB19C3292D00CB4327 /* Project object */ = {
			isa = PBXProject;
			attributes = {
				CLASSPREFIX = LR;
				LastUpgradeCheck = 0510;
				TargetAttributes = {
					912BF6D319C3292D00CB4327 = {
						TestTargetID = 912BF6B219C3292D00CB4327;
					};
				};
			};
			buildConfigurationList = 912BF6AE19C3292D00CB4327 /* Build configuration list for PBXProject "Class Testing Ground" */;
			compatibilityVersion = "Xcode 3.2";
			developmentRegion = English;
			hasScannedForEncodings = 0;
			knownRegions = (
				en,
				Base,
			);
			mainGroup = 912BF6AA19C3292D00CB4327;
			productRefGroup = 912BF6B419C3292D00CB4327 /* Products */;
			projectDirPath = "";
			projectRoot = "";
			targets = (
				912BF6B219C3292D00CB4327 /* Class Testing Ground */,
				912BF6D319C3292D00CB4327 /* Class Testing GroundTests */,
			);
		};
/* End PBXProject section */

/* Begin PBXResourcesBuildPhase section */
		912BF6B119C3292D00CB4327 /* Resources */ = {
			isa = PBXResourcesBuildPhase;
			buildActionMask = 2147483647;
			files = (
				912BF6CF19C3292D00CB4327 /* Images.xcassets in Resources */,
				912BF6C119C3292D00CB4327 /* InfoPlist.strings in Resources */,
				912BF6CA19C3292D00CB4327 /* Main.storyboard in Resources */,
			);
			runOnlyForDeploymentPostprocessing = 0;
		};
		912BF6D219C3292D00CB4327 /* Resources */ = {
			isa = PBXResourcesBuildPhase;
			buildActionMask = 2147483647;
			files = (
				912BF6E019C3292D00CB4327 /* InfoPlist.strings in Resources */,
			);
			runOnlyForDeploymentPostprocessing = 0;
		};
/* End PBXResourcesBuildPhase section */

/* Begin PBXSourcesBuildPhase section */
		912BF6AF19C3292D00CB4327 /* Sources */ = {
			isa = PBXSourcesBuildPhase;
			buildActionMask = 2147483647;
			files = (
				912BF6C719C3292D00CB4327 /* LRAppDelegate.m in Sources */,
				912BF6C319C3292D00CB4327 /* main.m in Sources */,
				912BF6CD19C3292D00CB4327 /* LRViewController.m in Sources */,
			);
			runOnlyForDeploymentPostprocessing = 0;
		};
		912BF6D019C3292D00CB4327 /* Sources */ = {
			isa = PBXSourcesBuildPhase;
			buildActionMask = 2147483647;
			files = (
				912BF6E219C3292D00CB4327 /* Class_Testing_GroundTests.m in Sources */,
			);
			runOnlyForDeploymentPostprocessing = 0;
		};
/* End PBXSourcesBuildPhase section */

/* Begin PBXTargetDependency section */
		912BF6DA19C3292D00CB4327 /* PBXTargetDependency */ = {
			isa = PBXTargetDependency;
			target = 912BF6B219C3292D00CB4327 /* Class Testing Ground */;
			targetProxy = 912BF6D919C3292D00CB4327 /* PBXContainerItemProxy */;
		};
/* End PBXTargetDependency section */

/* Begin PBXVariantGroup section */
		912BF6BF19C3292D00CB4327 /* InfoPlist.strings */ = {
			isa = PBXVariantGroup;
			children = (
				912BF6C019C3292D00CB4327 /* en */,
			);
			name = InfoPlist.strings;
			sourceTree = "<group>";
		};
		912BF6C819C3292D00CB4327 /* Main.storyboard */ = {
			isa = PBXVariantGroup;
			children = (
				912BF6C919C3292D00CB4327 /* Base */,
			);
			name = Main.storyboard;
			sourceTree = "<group>";
		};
		912BF6DE19C3292D00CB4327 /* InfoPlist.strings */ = {
			isa = PBXVariantGroup;
			children = (
				912BF6DF19C3292D00CB4327 /* en */,
			);
			name = InfoPlist.strings;
			sourceTree = "<group>";
		};
/* End PBXVariantGroup section */

/* Begin XCBuildConfiguration section */
		912BF6E319C3292D00CB4327 /* Debug */ = {
			isa = XCBuildConfiguration;
			buildSettings = {
				ALWAYS_SEARCH_USER_PATHS = NO;
				CLANG_CXX_LANGUAGE_STANDARD = "gnu++0x";
				CLANG_CXX_LIBRARY = "libc++";
				CLANG_ENABLE_MODULES = YES;
				CLANG_ENABLE_OBJC_ARC = YES;
				CLANG_WARN_BOOL_CONVERSION = YES;
				CLANG_WARN_CONSTANT_CONVERSION = YES;
				CLANG_WARN_DIRECT_OBJC_ISA_USAGE = YES_ERROR;
				CLANG_WARN_EMPTY_BODY = YES;
				CLANG_WARN_ENUM_CONVERSION = YES;
				CLANG_WARN_INT_CONVERSION = YES;
				CLANG_WARN_OBJC_ROOT_CLASS = YES_ERROR;
				CLANG_WARN__DUPLICATE_METHOD_MATCH = YES;
				"CODE_SIGN_IDENTITY[sdk=iphoneos*]" = "iPhone Developer";
				COPY_PHASE_STRIP = NO;
				GCC_C_LANGUAGE_STANDARD = gnu99;
				GCC_DYNAMIC_NO_PIC = NO;
				GCC_OPTIMIZATION_LEVEL = 0;
				GCC_PREPROCESSOR_DEFINITIONS = (
					"DEBUG=1",
					"$(inherited)",
				);
				GCC_SYMBOLS_PRIVATE_EXTERN = NO;
				GCC_WARN_64_TO_32_BIT_CONVERSION = YES;
				GCC_WARN_ABOUT_RETURN_TYPE = YES_ERROR;
				GCC_WARN_UNDECLARED_SELECTOR = YES;
				GCC_WARN_UNINITIALIZED_AUTOS = YES_AGGRESSIVE;
				GCC_WARN_UNUSED_FUNCTION = YES;
				GCC_WARN_UNUSED_VARIABLE = YES;
				IPHONEOS_DEPLOYMENT_TARGET = 7.1;
				ONLY_ACTIVE_ARCH = YES;
				SDKROOT = iphoneos;
			};
			name = Debug;
		};
		912BF6E419C3292D00CB4327 /* Release */ = {
			isa = XCBuildConfiguration;
			buildSettings = {
				ALWAYS_SEARCH_USER_PATHS = NO;
				CLANG_CXX_LANGUAGE_STANDARD = "gnu++0x";
				CLANG_CXX_LIBRARY = "libc++";
				CLANG_ENABLE_MODULES = YES;
				CLANG_ENABLE_OBJC_ARC = YES;
				CLANG_WARN_BOOL_CONVERSION = YES;
				CLANG_WARN_CONSTANT_CONVERSION = YES;
				CLANG_WARN_DIRECT_OBJC_ISA_USAGE = YES_ERROR;
				CLANG_WARN_EMPTY_BODY = YES;
				CLANG_WARN_ENUM_CONVERSION = YES;
				CLANG_WARN_INT_CONVERSION = YES;
				CLANG_WARN_OBJC_ROOT_CLASS = YES_ERROR;
				CLANG_WARN__DUPLICATE_METHOD_MATCH = YES;
				"CODE_SIGN_IDENTITY[sdk=iphoneos*]" = "iPhone Developer";
				COPY_PHASE_STRIP = YES;
				ENABLE_NS_ASSERTIONS = NO;
				GCC_C_LANGUAGE_STANDARD = gnu99;
				GCC_WARN_64_TO_32_BIT_CONVERSION = YES;
				GCC_WARN_ABOUT_RETURN_TYPE = YES_ERROR;
				GCC_WARN_UNDECLARED_SELECTOR = YES;
				GCC_WARN_UNINITIALIZED_AUTOS = YES_AGGRESSIVE;
				GCC_WARN_UNUSED_FUNCTION = YES;
				GCC_WARN_UNUSED_VARIABLE = YES;
				IPHONEOS_DEPLOYMENT_TARGET = 7.1;
				SDKROOT = iphoneos;
				VALIDATE_PRODUCT = YES;
			};
			name = Release;
		};
		912BF6E619C3292D00CB4327 /* Debug */ = {
			isa = XCBuildConfiguration;
			buildSettings = {
				ASSETCATALOG_COMPILER_APPICON_NAME = AppIcon;
				ASSETCATALOG_COMPILER_LAUNCHIMAGE_NAME = LaunchImage;
				GCC_PRECOMPILE_PREFIX_HEADER = YES;
				GCC_PREFIX_HEADER = "Class Testing Ground/Class Testing Ground-Prefix.pch";
				INFOPLIST_FILE = "Class Testing Ground/Class Testing Ground-Info.plist";
				PRODUCT_NAME = "$(TARGET_NAME)";
				WRAPPER_EXTENSION = app;
			};
			name = Debug;
		};
		912BF6E719C3292D00CB4327 /* Release */ = {
			isa = XCBuildConfiguration;
			buildSettings = {
				ASSETCATALOG_COMPILER_APPICON_NAME = AppIcon;
				ASSETCATALOG_COMPILER_LAUNCHIMAGE_NAME = LaunchImage;
				GCC_PRECOMPILE_PREFIX_HEADER = YES;
				GCC_PREFIX_HEADER = "Class Testing Ground/Class Testing Ground-Prefix.pch";
				INFOPLIST_FILE = "Class Testing Ground/Class Testing Ground-Info.plist";
				PRODUCT_NAME = "$(TARGET_NAME)";
				WRAPPER_EXTENSION = app;
			};
			name = Release;
		};
		912BF6E919C3292D00CB4327 /* Debug */ = {
			isa = XCBuildConfiguration;
			buildSettings = {
				BUNDLE_LOADER = "$(BUILT_PRODUCTS_DIR)/Class Testing Ground.app/Class Testing Ground";
				FRAMEWORK_SEARCH_PATHS = (
					"$(SDKROOT)/Developer/Library/Frameworks",
					"$(inherited)",
					"$(DEVELOPER_FRAMEWORKS_DIR)",
				);
				GCC_PRECOMPILE_PREFIX_HEADER = YES;
				GCC_PREFIX_HEADER = "Class Testing Ground/Class Testing Ground-Prefix.pch";
				GCC_PREPROCESSOR_DEFINITIONS = (
					"DEBUG=1",
					"$(inherited)",
				);
				INFOPLIST_FILE = "Class Testing GroundTests/Class Testing GroundTests-Info.plist";
				PRODUCT_NAME = "$(TARGET_NAME)";
				TEST_HOST = "$(BUNDLE_LOADER)";
				WRAPPER_EXTENSION = xctest;
			};
			name = Debug;
		};
		912BF6EA19C3292D00CB4327 /* Release */ = {
			isa = XCBuildConfiguration;
			buildSettings = {
				BUNDLE_LOADER = "$(BUILT_PRODUCTS_DIR)/Class Testing Ground.app/Class Testing Ground";
				FRAMEWORK_SEARCH_PATHS = (
					"$(SDKROOT)/Developer/Library/Frameworks",
					"$(inherited)",
					"$(DEVELOPER_FRAMEWORKS_DIR)",
				);
				GCC_PRECOMPILE_PREFIX_HEADER = YES;
				GCC_PREFIX_HEADER = "Class Testing Ground/Class Testing Ground-Prefix.pch";
				INFOPLIST_FILE = "Class Testing GroundTests/Class Testing GroundTests-Info.plist";
				PRODUCT_NAME = "$(TARGET_NAME)";
				TEST_HOST = "$(BUNDLE_LOADER)";
				WRAPPER_EXTENSION = xctest;
			};
			name = Release;
		};
/* End XCBuildConfiguration section */

/* Begin XCConfigurationList section */
		912BF6AE19C3292D00CB4327 /* Build configuration list for PBXProject "Class Testing Ground" */ = {
			isa = XCConfigurationList;
			buildConfigurations = (
				912BF6E319C3292D00CB4327 /* Debug */,
				912BF6E419C3292D00CB4327 /* Release */,
			);
			defaultConfigurationIsVisible = 0;
			defaultConfigurationName = Release;
		};
		912BF6E519C3292D00CB4327 /* Build configuration list for PBXNativeTarget "Class Testing Ground" */ = {
			isa = XCConfigurationList;
			buildConfigurations = (
				912BF6E619C3292D00CB4327 /* Debug */,
				912BF6E719C3292D00CB4327 /* Release */,
			);
			defaultConfigurationIsVisible = 0;
		};
		912BF6E819C3292D00CB4327 /* Build configuration list for PBXNativeTarget "Class Testing GroundTests" */ = {
			isa = XCConfigurationList;
			buildConfigurations = (
				912BF6E919C3292D00CB4327 /* Debug */,
				912BF6EA19C3292D00CB4327 /* Release */,
			);
			defaultConfigurationIsVisible = 0;
		};
/* End XCConfigurationList section */
	};
	rootObject = 912BF6AB19C3292D00CB4327 /* Project object */;
}
