// !$*UTF8*$!
{
	archiveVersion = 1;
	classes = {
	};
	objectVersion = 46;
	objects = {

/* Begin PBXBuildFile section */
		916D46071A1E5D71008BDE0E /* AppDelegate.swift in Sources */ = {isa = PBXBuildFile; fileRef = 916D46061A1E5D71008BDE0E /* AppDelegate.swift */; };
		916D46091A1E5D71008BDE0E /* ViewController.swift in Sources */ = {isa = PBXBuildFile; fileRef = 916D46081A1E5D71008BDE0E /* ViewController.swift */; };
		916D460C1A1E5D71008BDE0E /* Main.storyboard in Resources */ = {isa = PBXBuildFile; fileRef = 916D460A1A1E5D71008BDE0E /* Main.storyboard */; };
		916D460E1A1E5D71008BDE0E /* Images.xcassets in Resources */ = {isa = PBXBuildFile; fileRef = 916D460D1A1E5D71008BDE0E /* Images.xcassets */; };
		916D46111A1E5D71008BDE0E /* LaunchScreen.xib in Resources */ = {isa = PBXBuildFile; fileRef = 916D460F1A1E5D71008BDE0E /* LaunchScreen.xib */; };
		916D461D1A1E5D71008BDE0E /* PostcardTests.swift in Sources */ = {isa = PBXBuildFile; fileRef = 916D461C1A1E5D71008BDE0E /* PostcardTests.swift */; };
		916D46281A1E76F4008BDE0E /* saturnx.gif in Resources */ = {isa = PBXBuildFile; fileRef = 916D46261A1E76F4008BDE0E /* saturnx.gif */; };
		916D46291A1E76F4008BDE0E /* Mars-3.jpg in Resources */ = {isa = PBXBuildFile; fileRef = 916D46271A1E76F4008BDE0E /* Mars-3.jpg */; };
/* End PBXBuildFile section */

/* Begin PBXContainerItemProxy section */
		916D46171A1E5D71008BDE0E /* PBXContainerItemProxy */ = {
			isa = PBXContainerItemProxy;
			containerPortal = 916D45F91A1E5D70008BDE0E /* Project object */;
			proxyType = 1;
			remoteGlobalIDString = 916D46001A1E5D70008BDE0E;
			remoteInfo = Postcard;
		};
/* End PBXContainerItemProxy section */

/* Begin PBXFileReference section */
		916D46011A1E5D71008BDE0E /* Postcard.app */ = {isa = PBXFileReference; explicitFileType = wrapper.application; includeInIndex = 0; path = Postcard.app; sourceTree = BUILT_PRODUCTS_DIR; };
		916D46051A1E5D71008BDE0E /* Info.plist */ = {isa = PBXFileReference; lastKnownFileType = text.plist.xml; path = Info.plist; sourceTree = "<group>"; };
		916D46061A1E5D71008BDE0E /* AppDelegate.swift */ = {isa = PBXFileReference; lastKnownFileType = sourcecode.swift; path = AppDelegate.swift; sourceTree = "<group>"; };
		916D46081A1E5D71008BDE0E /* ViewController.swift */ = {isa = PBXFileReference; lastKnownFileType = sourcecode.swift; path = ViewController.swift; sourceTree = "<group>"; };
		916D460B1A1E5D71008BDE0E /* Base */ = {isa = PBXFileReference; lastKnownFileType = file.storyboard; name = Base; path = Base.lproj/Main.storyboard; sourceTree = "<group>"; };
		916D460D1A1E5D71008BDE0E /* Images.xcassets */ = {isa = PBXFileReference; lastKnownFileType = folder.assetcatalog; path = Images.xcassets; sourceTree = "<group>"; };
		916D46101A1E5D71008BDE0E /* Base */ = {isa = PBXFileReference; lastKnownFileType = file.xib; name = Base; path = Base.lproj/LaunchScreen.xib; sourceTree = "<group>"; };
		916D46161A1E5D71008BDE0E /* PostcardTests.xctest */ = {isa = PBXFileReference; explicitFileType = wrapper.cfbundle; includeInIndex = 0; path = PostcardTests.xctest; sourceTree = BUILT_PRODUCTS_DIR; };
		916D461B1A1E5D71008BDE0E /* Info.plist */ = {isa = PBXFileReference; lastKnownFileType = text.plist.xml; path = Info.plist; sourceTree = "<group>"; };
		916D461C1A1E5D71008BDE0E /* PostcardTests.swift */ = {isa = PBXFileReference; lastKnownFileType = sourcecode.swift; path = PostcardTests.swift; sourceTree = "<group>"; };
		916D46261A1E76F4008BDE0E /* saturnx.gif */ = {isa = PBXFileReference; lastKnownFileType = image.gif; path = saturnx.gif; sourceTree = "<group>"; };
		916D46271A1E76F4008BDE0E /* Mars-3.jpg */ = {isa = PBXFileReference; lastKnownFileType = image.jpeg; path = "Mars-3.jpg"; sourceTree = "<group>"; };
/* End PBXFileReference section */

/* Begin PBXFrameworksBuildPhase section */
		916D45FE1A1E5D70008BDE0E /* Frameworks */ = {
			isa = PBXFrameworksBuildPhase;
			buildActionMask = 2147483647;
			files = (
			);
			runOnlyForDeploymentPostprocessing = 0;
		};
		916D46131A1E5D71008BDE0E /* Frameworks */ = {
			isa = PBXFrameworksBuildPhase;
			buildActionMask = 2147483647;
			files = (
			);
			runOnlyForDeploymentPostprocessing = 0;
		};
/* End PBXFrameworksBuildPhase section */

/* Begin PBXGroup section */
		916D45F81A1E5D70008BDE0E = {
			isa = PBXGroup;
			children = (
				916D46031A1E5D71008BDE0E /* Postcard */,
				916D46191A1E5D71008BDE0E /* PostcardTests */,
				916D46021A1E5D71008BDE0E /* Products */,
			);
			sourceTree = "<group>";
		};
		916D46021A1E5D71008BDE0E /* Products */ = {
			isa = PBXGroup;
			children = (
				916D46011A1E5D71008BDE0E /* Postcard.app */,
				916D46161A1E5D71008BDE0E /* PostcardTests.xctest */,
			);
			name = Products;
			sourceTree = "<group>";
		};
		916D46031A1E5D71008BDE0E /* Postcard */ = {
			isa = PBXGroup;
			children = (
				916D46061A1E5D71008BDE0E /* AppDelegate.swift */,
				916D46081A1E5D71008BDE0E /* ViewController.swift */,
				916D460A1A1E5D71008BDE0E /* Main.storyboard */,
				916D460D1A1E5D71008BDE0E /* Images.xcassets */,
				916D460F1A1E5D71008BDE0E /* LaunchScreen.xib */,
				916D46041A1E5D71008BDE0E /* Supporting Files */,
			);
			path = Postcard;
			sourceTree = "<group>";
		};
		916D46041A1E5D71008BDE0E /* Supporting Files */ = {
			isa = PBXGroup;
			children = (
				916D46261A1E76F4008BDE0E /* saturnx.gif */,
				916D46271A1E76F4008BDE0E /* Mars-3.jpg */,
				916D46051A1E5D71008BDE0E /* Info.plist */,
			);
			name = "Supporting Files";
			sourceTree = "<group>";
		};
		916D46191A1E5D71008BDE0E /* PostcardTests */ = {
			isa = PBXGroup;
			children = (
				916D461C1A1E5D71008BDE0E /* PostcardTests.swift */,
				916D461A1A1E5D71008BDE0E /* Supporting Files */,
			);
			path = PostcardTests;
			sourceTree = "<group>";
		};
		916D461A1A1E5D71008BDE0E /* Supporting Files */ = {
			isa = PBXGroup;
			children = (
				916D461B1A1E5D71008BDE0E /* Info.plist */,
			);
			name = "Supporting Files";
			sourceTree = "<group>";
		};
/* End PBXGroup section */

/* Begin PBXNativeTarget section */
		916D46001A1E5D70008BDE0E /* Postcard */ = {
			isa = PBXNativeTarget;
			buildConfigurationList = 916D46201A1E5D71008BDE0E /* Build configuration list for PBXNativeTarget "Postcard" */;
			buildPhases = (
				916D45FD1A1E5D70008BDE0E /* Sources */,
				916D45FE1A1E5D70008BDE0E /* Frameworks */,
				916D45FF1A1E5D70008BDE0E /* Resources */,
			);
			buildRules = (
			);
			dependencies = (
			);
			name = Postcard;
			productName = Postcard;
			productReference = 916D46011A1E5D71008BDE0E /* Postcard.app */;
			productType = "com.apple.product-type.application";
		};
		916D46151A1E5D71008BDE0E /* PostcardTests */ = {
			isa = PBXNativeTarget;
			buildConfigurationList = 916D46231A1E5D71008BDE0E /* Build configuration list for PBXNativeTarget "PostcardTests" */;
			buildPhases = (
				916D46121A1E5D71008BDE0E /* Sources */,
				916D46131A1E5D71008BDE0E /* Frameworks */,
				916D46141A1E5D71008BDE0E /* Resources */,
			);
			buildRules = (
			);
			dependencies = (
				916D46181A1E5D71008BDE0E /* PBXTargetDependency */,
			);
			name = PostcardTests;
			productName = PostcardTests;
			productReference = 916D46161A1E5D71008BDE0E /* PostcardTests.xctest */;
			productType = "com.apple.product-type.bundle.unit-test";
		};
/* End PBXNativeTarget section */

/* Begin PBXProject section */
		916D45F91A1E5D70008BDE0E /* Project object */ = {
			isa = PBXProject;
			attributes = {
				LastUpgradeCheck = 0610;
				ORGANIZATIONNAME = "Lucas Rosa";
				TargetAttributes = {
					916D46001A1E5D70008BDE0E = {
						CreatedOnToolsVersion = 6.1;
					};
					916D46151A1E5D71008BDE0E = {
						CreatedOnToolsVersion = 6.1;
						TestTargetID = 916D46001A1E5D70008BDE0E;
					};
				};
			};
			buildConfigurationList = 916D45FC1A1E5D70008BDE0E /* Build configuration list for PBXProject "Postcard" */;
			compatibilityVersion = "Xcode 3.2";
			developmentRegion = English;
			hasScannedForEncodings = 0;
			knownRegions = (
				en,
				Base,
			);
			mainGroup = 916D45F81A1E5D70008BDE0E;
			productRefGroup = 916D46021A1E5D71008BDE0E /* Products */;
			projectDirPath = "";
			projectRoot = "";
			targets = (
				916D46001A1E5D70008BDE0E /* Postcard */,
				916D46151A1E5D71008BDE0E /* PostcardTests */,
			);
		};
/* End PBXProject section */

/* Begin PBXResourcesBuildPhase section */
		916D45FF1A1E5D70008BDE0E /* Resources */ = {
			isa = PBXResourcesBuildPhase;
			buildActionMask = 2147483647;
			files = (
				916D46281A1E76F4008BDE0E /* saturnx.gif in Resources */,
				916D460C1A1E5D71008BDE0E /* Main.storyboard in Resources */,
				916D46111A1E5D71008BDE0E /* LaunchScreen.xib in Resources */,
				916D460E1A1E5D71008BDE0E /* Images.xcassets in Resources */,
				916D46291A1E76F4008BDE0E /* Mars-3.jpg in Resources */,
			);
			runOnlyForDeploymentPostprocessing = 0;
		};
		916D46141A1E5D71008BDE0E /* Resources */ = {
			isa = PBXResourcesBuildPhase;
			buildActionMask = 2147483647;
			files = (
			);
			runOnlyForDeploymentPostprocessing = 0;
		};
/* End PBXResourcesBuildPhase section */

/* Begin PBXSourcesBuildPhase section */
		916D45FD1A1E5D70008BDE0E /* Sources */ = {
			isa = PBXSourcesBuildPhase;
			buildActionMask = 2147483647;
			files = (
				916D46091A1E5D71008BDE0E /* ViewController.swift in Sources */,
				916D46071A1E5D71008BDE0E /* AppDelegate.swift in Sources */,
			);
			runOnlyForDeploymentPostprocessing = 0;
		};
		916D46121A1E5D71008BDE0E /* Sources */ = {
			isa = PBXSourcesBuildPhase;
			buildActionMask = 2147483647;
			files = (
				916D461D1A1E5D71008BDE0E /* PostcardTests.swift in Sources */,
			);
			runOnlyForDeploymentPostprocessing = 0;
		};
/* End PBXSourcesBuildPhase section */

/* Begin PBXTargetDependency section */
		916D46181A1E5D71008BDE0E /* PBXTargetDependency */ = {
			isa = PBXTargetDependency;
			target = 916D46001A1E5D70008BDE0E /* Postcard */;
			targetProxy = 916D46171A1E5D71008BDE0E /* PBXContainerItemProxy */;
		};
/* End PBXTargetDependency section */

/* Begin PBXVariantGroup section */
		916D460A1A1E5D71008BDE0E /* Main.storyboard */ = {
			isa = PBXVariantGroup;
			children = (
				916D460B1A1E5D71008BDE0E /* Base */,
			);
			name = Main.storyboard;
			sourceTree = "<group>";
		};
		916D460F1A1E5D71008BDE0E /* LaunchScreen.xib */ = {
			isa = PBXVariantGroup;
			children = (
				916D46101A1E5D71008BDE0E /* Base */,
			);
			name = LaunchScreen.xib;
			sourceTree = "<group>";
		};
/* End PBXVariantGroup section */

/* Begin XCBuildConfiguration section */
		916D461E1A1E5D71008BDE0E /* Debug */ = {
			isa = XCBuildConfiguration;
			buildSettings = {
				ALWAYS_SEARCH_USER_PATHS = NO;
				CLANG_CXX_LANGUAGE_STANDARD = "gnu++0x";
				CLANG_CXX_LIBRARY = "libc++";
				CLANG_ENABLE_MODULES = YES;
				CLANG_ENABLE_OBJC_ARC = YES;
				CLANG_WARN_BOOL_CONVERSION = YES;
				CLANG_WARN_CONSTANT_CONVERSION = YES;
				CLANG_WARN_DIRECT_OBJC_ISA_USAGE = YES_ERROR;
				CLANG_WARN_EMPTY_BODY = YES;
				CLANG_WARN_ENUM_CONVERSION = YES;
				CLANG_WARN_INT_CONVERSION = YES;
				CLANG_WARN_OBJC_ROOT_CLASS = YES_ERROR;
				CLANG_WARN_UNREACHABLE_CODE = YES;
				CLANG_WARN__DUPLICATE_METHOD_MATCH = YES;
				"CODE_SIGN_IDENTITY[sdk=iphoneos*]" = "iPhone Developer";
				COPY_PHASE_STRIP = NO;
				ENABLE_STRICT_OBJC_MSGSEND = YES;
				GCC_C_LANGUAGE_STANDARD = gnu99;
				GCC_DYNAMIC_NO_PIC = NO;
				GCC_OPTIMIZATION_LEVEL = 0;
				GCC_PREPROCESSOR_DEFINITIONS = (
					"DEBUG=1",
					"$(inherited)",
				);
				GCC_SYMBOLS_PRIVATE_EXTERN = NO;
				GCC_WARN_64_TO_32_BIT_CONVERSION = YES;
				GCC_WARN_ABOUT_RETURN_TYPE = YES_ERROR;
				GCC_WARN_UNDECLARED_SELECTOR = YES;
				GCC_WARN_UNINITIALIZED_AUTOS = YES_AGGRESSIVE;
				GCC_WARN_UNUSED_FUNCTION = YES;
				GCC_WARN_UNUSED_VARIABLE = YES;
				IPHONEOS_DEPLOYMENT_TARGET = 8.1;
				MTL_ENABLE_DEBUG_INFO = YES;
				ONLY_ACTIVE_ARCH = YES;
				SDKROOT = iphoneos;
				SWIFT_OPTIMIZATION_LEVEL = "-Onone";
				TARGETED_DEVICE_FAMILY = "1,2";
			};
			name = Debug;
		};
		916D461F1A1E5D71008BDE0E /* Release */ = {
			isa = XCBuildConfiguration;
			buildSettings = {
				ALWAYS_SEARCH_USER_PATHS = NO;
				CLANG_CXX_LANGUAGE_STANDARD = "gnu++0x";
				CLANG_CXX_LIBRARY = "libc++";
				CLANG_ENABLE_MODULES = YES;
				CLANG_ENABLE_OBJC_ARC = YES;
				CLANG_WARN_BOOL_CONVERSION = YES;
				CLANG_WARN_CONSTANT_CONVERSION = YES;
				CLANG_WARN_DIRECT_OBJC_ISA_USAGE = YES_ERROR;
				CLANG_WARN_EMPTY_BODY = YES;
				CLANG_WARN_ENUM_CONVERSION = YES;
				CLANG_WARN_INT_CONVERSION = YES;
				CLANG_WARN_OBJC_ROOT_CLASS = YES_ERROR;
				CLANG_WARN_UNREACHABLE_CODE = YES;
				CLANG_WARN__DUPLICATE_METHOD_MATCH = YES;
				"CODE_SIGN_IDENTITY[sdk=iphoneos*]" = "iPhone Developer";
				COPY_PHASE_STRIP = YES;
				ENABLE_NS_ASSERTIONS = NO;
				ENABLE_STRICT_OBJC_MSGSEND = YES;
				GCC_C_LANGUAGE_STANDARD = gnu99;
				GCC_WARN_64_TO_32_BIT_CONVERSION = YES;
				GCC_WARN_ABOUT_RETURN_TYPE = YES_ERROR;
				GCC_WARN_UNDECLARED_SELECTOR = YES;
				GCC_WARN_UNINITIALIZED_AUTOS = YES_AGGRESSIVE;
				GCC_WARN_UNUSED_FUNCTION = YES;
				GCC_WARN_UNUSED_VARIABLE = YES;
				IPHONEOS_DEPLOYMENT_TARGET = 8.1;
				MTL_ENABLE_DEBUG_INFO = NO;
				SDKROOT = iphoneos;
				TARGETED_DEVICE_FAMILY = "1,2";
				VALIDATE_PRODUCT = YES;
			};
			name = Release;
		};
		916D46211A1E5D71008BDE0E /* Debug */ = {
			isa = XCBuildConfiguration;
			buildSettings = {
				ASSETCATALOG_COMPILER_APPICON_NAME = AppIcon;
				INFOPLIST_FILE = Postcard/Info.plist;
				LD_RUNPATH_SEARCH_PATHS = "$(inherited) @executable_path/Frameworks";
				PRODUCT_NAME = "$(TARGET_NAME)";
			};
			name = Debug;
		};
		916D46221A1E5D71008BDE0E /* Release */ = {
			isa = XCBuildConfiguration;
			buildSettings = {
				ASSETCATALOG_COMPILER_APPICON_NAME = AppIcon;
				INFOPLIST_FILE = Postcard/Info.plist;
				LD_RUNPATH_SEARCH_PATHS = "$(inherited) @executable_path/Frameworks";
				PRODUCT_NAME = "$(TARGET_NAME)";
			};
			name = Release;
		};
		916D46241A1E5D71008BDE0E /* Debug */ = {
			isa = XCBuildConfiguration;
			buildSettings = {
				BUNDLE_LOADER = "$(TEST_HOST)";
				FRAMEWORK_SEARCH_PATHS = (
					"$(SDKROOT)/Developer/Library/Frameworks",
					"$(inherited)",
				);
				GCC_PREPROCESSOR_DEFINITIONS = (
					"DEBUG=1",
					"$(inherited)",
				);
				INFOPLIST_FILE = PostcardTests/Info.plist;
				LD_RUNPATH_SEARCH_PATHS = "$(inherited) @executable_path/Frameworks @loader_path/Frameworks";
				PRODUCT_NAME = "$(TARGET_NAME)";
				TEST_HOST = "$(BUILT_PRODUCTS_DIR)/Postcard.app/Postcard";
			};
			name = Debug;
		};
		916D46251A1E5D71008BDE0E /* Release */ = {
			isa = XCBuildConfiguration;
			buildSettings = {
				BUNDLE_LOADER = "$(TEST_HOST)";
				FRAMEWORK_SEARCH_PATHS = (
					"$(SDKROOT)/Developer/Library/Frameworks",
					"$(inherited)",
				);
				INFOPLIST_FILE = PostcardTests/Info.plist;
				LD_RUNPATH_SEARCH_PATHS = "$(inherited) @executable_path/Frameworks @loader_path/Frameworks";
				PRODUCT_NAME = "$(TARGET_NAME)";
				TEST_HOST = "$(BUILT_PRODUCTS_DIR)/Postcard.app/Postcard";
			};
			name = Release;
		};
/* End XCBuildConfiguration section */

/* Begin XCConfigurationList section */
		916D45FC1A1E5D70008BDE0E /* Build configuration list for PBXProject "Postcard" */ = {
			isa = XCConfigurationList;
			buildConfigurations = (
				916D461E1A1E5D71008BDE0E /* Debug */,
				916D461F1A1E5D71008BDE0E /* Release */,
			);
			defaultConfigurationIsVisible = 0;
			defaultConfigurationName = Release;
		};
		916D46201A1E5D71008BDE0E /* Build configuration list for PBXNativeTarget "Postcard" */ = {
			isa = XCConfigurationList;
			buildConfigurations = (
				916D46211A1E5D71008BDE0E /* Debug */,
				916D46221A1E5D71008BDE0E /* Release */,
			);
			defaultConfigurationIsVisible = 0;
		};
		916D46231A1E5D71008BDE0E /* Build configuration list for PBXNativeTarget "PostcardTests" */ = {
			isa = XCConfigurationList;
			buildConfigurations = (
				916D46241A1E5D71008BDE0E /* Debug */,
				916D46251A1E5D71008BDE0E /* Release */,
			);
			defaultConfigurationIsVisible = 0;
		};
/* End XCConfigurationList section */
	};
	rootObject = 916D45F91A1E5D70008BDE0E /* Project object */;
}
